// !$*UTF8*$!
{
	archiveVersion = 1;
	classes = {
	};
	objectVersion = 56;
	objects = {

/* Begin PBXBuildFile section */
		522234AD2B320B0600482C58 /* GameView.swift in Sources */ = {isa = PBXBuildFile; fileRef = 522234AC2B320B0600482C58 /* GameView.swift */; };
		522234AF2B320B3600482C58 /* gameRow.swift in Sources */ = {isa = PBXBuildFile; fileRef = 522234AE2B320B3600482C58 /* gameRow.swift */; };
		523C60192B320B850018D27D /* gamesDataFetcher.swift in Sources */ = {isa = PBXBuildFile; fileRef = 523C60182B320B850018D27D /* gamesDataFetcher.swift */; };
		52C161FA2B3B595500BAE25D /* FavorView.swift in Sources */ = {isa = PBXBuildFile; fileRef = 52C161F92B3B595500BAE25D /* FavorView.swift */; };
		52C161FC2B3B631500BAE25D /* favorRow.swift in Sources */ = {isa = PBXBuildFile; fileRef = 52C161FB2B3B631500BAE25D /* favorRow.swift */; };
		52C161FE2B3B746A00BAE25D /* WebView.swift in Sources */ = {isa = PBXBuildFile; fileRef = 52C161FD2B3B746A00BAE25D /* WebView.swift */; };
		52C162022B3B794B00BAE25D /* LoaderUI in Frameworks */ = {isa = PBXBuildFile; productRef = 52C162012B3B794B00BAE25D /* LoaderUI */; };
		52C162052B3B7CA200BAE25D /* Pow in Frameworks */ = {isa = PBXBuildFile; productRef = 52C162042B3B7CA200BAE25D /* Pow */; };
		52CC48CB2B320ABB002071EB /* gameAttackApp.swift in Sources */ = {isa = PBXBuildFile; fileRef = 52CC48CA2B320ABB002071EB /* gameAttackApp.swift */; };
		52CC48CD2B320ABB002071EB /* ContentView.swift in Sources */ = {isa = PBXBuildFile; fileRef = 52CC48CC2B320ABB002071EB /* ContentView.swift */; };
		52CC48CF2B320ABC002071EB /* Assets.xcassets in Resources */ = {isa = PBXBuildFile; fileRef = 52CC48CE2B320ABC002071EB /* Assets.xcassets */; };
		52CC48D22B320ABC002071EB /* Preview Assets.xcassets in Resources */ = {isa = PBXBuildFile; fileRef = 52CC48D12B320ABC002071EB /* Preview Assets.xcassets */; };
		52CC48DC2B320ABC002071EB /* gameAttackTests.swift in Sources */ = {isa = PBXBuildFile; fileRef = 52CC48DB2B320ABC002071EB /* gameAttackTests.swift */; };
		52CC48E62B320ABC002071EB /* gameAttackUITests.swift in Sources */ = {isa = PBXBuildFile; fileRef = 52CC48E52B320ABC002071EB /* gameAttackUITests.swift */; };
		52CC48E82B320ABC002071EB /* gameAttackUITestsLaunchTests.swift in Sources */ = {isa = PBXBuildFile; fileRef = 52CC48E72B320ABC002071EB /* gameAttackUITestsLaunchTests.swift */; };
/* End PBXBuildFile section */

/* Begin PBXContainerItemProxy section */
		52CC48D82B320ABC002071EB /* PBXContainerItemProxy */ = {
			isa = PBXContainerItemProxy;
			containerPortal = 52CC48BF2B320ABB002071EB /* Project object */;
			proxyType = 1;
			remoteGlobalIDString = 52CC48C62B320ABB002071EB;
			remoteInfo = gameAttack;
		};
		52CC48E22B320ABC002071EB /* PBXContainerItemProxy */ = {
			isa = PBXContainerItemProxy;
			containerPortal = 52CC48BF2B320ABB002071EB /* Project object */;
			proxyType = 1;
			remoteGlobalIDString = 52CC48C62B320ABB002071EB;
			remoteInfo = gameAttack;
		};
/* End PBXContainerItemProxy section */

/* Begin PBXFileReference section */
		522234AC2B320B0600482C58 /* GameView.swift */ = {isa = PBXFileReference; lastKnownFileType = sourcecode.swift; path = GameView.swift; sourceTree = "<group>"; };
		522234AE2B320B3600482C58 /* gameRow.swift */ = {isa = PBXFileReference; lastKnownFileType = sourcecode.swift; path = gameRow.swift; sourceTree = "<group>"; };
		523C60182B320B850018D27D /* gamesDataFetcher.swift */ = {isa = PBXFileReference; lastKnownFileType = sourcecode.swift; path = gamesDataFetcher.swift; sourceTree = "<group>"; };
		52C161F92B3B595500BAE25D /* FavorView.swift */ = {isa = PBXFileReference; lastKnownFileType = sourcecode.swift; path = FavorView.swift; sourceTree = "<group>"; };
		52C161FB2B3B631500BAE25D /* favorRow.swift */ = {isa = PBXFileReference; lastKnownFileType = sourcecode.swift; path = favorRow.swift; sourceTree = "<group>"; };
		52C161FD2B3B746A00BAE25D /* WebView.swift */ = {isa = PBXFileReference; lastKnownFileType = sourcecode.swift; path = WebView.swift; sourceTree = "<group>"; };
		52CC48C72B320ABB002071EB /* gameAttack.app */ = {isa = PBXFileReference; explicitFileType = wrapper.application; includeInIndex = 0; path = gameAttack.app; sourceTree = BUILT_PRODUCTS_DIR; };
		52CC48CA2B320ABB002071EB /* gameAttackApp.swift */ = {isa = PBXFileReference; lastKnownFileType = sourcecode.swift; path = gameAttackApp.swift; sourceTree = "<group>"; };
		52CC48CC2B320ABB002071EB /* ContentView.swift */ = {isa = PBXFileReference; lastKnownFileType = sourcecode.swift; path = ContentView.swift; sourceTree = "<group>"; };
		52CC48CE2B320ABC002071EB /* Assets.xcassets */ = {isa = PBXFileReference; lastKnownFileType = folder.assetcatalog; path = Assets.xcassets; sourceTree = "<group>"; };
		52CC48D12B320ABC002071EB /* Preview Assets.xcassets */ = {isa = PBXFileReference; lastKnownFileType = folder.assetcatalog; path = "Preview Assets.xcassets"; sourceTree = "<group>"; };
		52CC48D72B320ABC002071EB /* gameAttackTests.xctest */ = {isa = PBXFileReference; explicitFileType = wrapper.cfbundle; includeInIndex = 0; path = gameAttackTests.xctest; sourceTree = BUILT_PRODUCTS_DIR; };
		52CC48DB2B320ABC002071EB /* gameAttackTests.swift */ = {isa = PBXFileReference; lastKnownFileType = sourcecode.swift; path = gameAttackTests.swift; sourceTree = "<group>"; };
		52CC48E12B320ABC002071EB /* gameAttackUITests.xctest */ = {isa = PBXFileReference; explicitFileType = wrapper.cfbundle; includeInIndex = 0; path = gameAttackUITests.xctest; sourceTree = BUILT_PRODUCTS_DIR; };
		52CC48E52B320ABC002071EB /* gameAttackUITests.swift */ = {isa = PBXFileReference; lastKnownFileType = sourcecode.swift; path = gameAttackUITests.swift; sourceTree = "<group>"; };
		52CC48E72B320ABC002071EB /* gameAttackUITestsLaunchTests.swift */ = {isa = PBXFileReference; lastKnownFileType = sourcecode.swift; path = gameAttackUITestsLaunchTests.swift; sourceTree = "<group>"; };
/* End PBXFileReference section */

/* Begin PBXFrameworksBuildPhase section */
		52CC48C42B320ABB002071EB /* Frameworks */ = {
			isa = PBXFrameworksBuildPhase;
			buildActionMask = 2147483647;
			files = (
				52C162022B3B794B00BAE25D /* LoaderUI in Frameworks */,
				52C162052B3B7CA200BAE25D /* Pow in Frameworks */,
			);
			runOnlyForDeploymentPostprocessing = 0;
		};
		52CC48D42B320ABC002071EB /* Frameworks */ = {
			isa = PBXFrameworksBuildPhase;
			buildActionMask = 2147483647;
			files = (
			);
			runOnlyForDeploymentPostprocessing = 0;
		};
		52CC48DE2B320ABC002071EB /* Frameworks */ = {
			isa = PBXFrameworksBuildPhase;
			buildActionMask = 2147483647;
			files = (
			);
			runOnlyForDeploymentPostprocessing = 0;
		};
/* End PBXFrameworksBuildPhase section */

/* Begin PBXGroup section */
		52CC48BE2B320ABB002071EB = {
			isa = PBXGroup;
			children = (
				52CC48C92B320ABB002071EB /* gameAttack */,
				52CC48DA2B320ABC002071EB /* gameAttackTests */,
				52CC48E42B320ABC002071EB /* gameAttackUITests */,
				52CC48C82B320ABB002071EB /* Products */,
			);
			sourceTree = "<group>";
		};
		52CC48C82B320ABB002071EB /* Products */ = {
			isa = PBXGroup;
			children = (
				52CC48C72B320ABB002071EB /* gameAttack.app */,
				52CC48D72B320ABC002071EB /* gameAttackTests.xctest */,
				52CC48E12B320ABC002071EB /* gameAttackUITests.xctest */,
			);
			name = Products;
			sourceTree = "<group>";
		};
		52CC48C92B320ABB002071EB /* gameAttack */ = {
			isa = PBXGroup;
			children = (
				52CC48CA2B320ABB002071EB /* gameAttackApp.swift */,
				523C60182B320B850018D27D /* gamesDataFetcher.swift */,
				52CC48CC2B320ABB002071EB /* ContentView.swift */,
				52C161F92B3B595500BAE25D /* FavorView.swift */,
				522234AE2B320B3600482C58 /* gameRow.swift */,
				52C161FB2B3B631500BAE25D /* favorRow.swift */,
				522234AC2B320B0600482C58 /* GameView.swift */,
				52C161FD2B3B746A00BAE25D /* WebView.swift */,
				52CC48CE2B320ABC002071EB /* Assets.xcassets */,
				52CC48D02B320ABC002071EB /* Preview Content */,
			);
			path = gameAttack;
			sourceTree = "<group>";
		};
		52CC48D02B320ABC002071EB /* Preview Content */ = {
			isa = PBXGroup;
			children = (
				52CC48D12B320ABC002071EB /* Preview Assets.xcassets */,
			);
			path = "Preview Content";
			sourceTree = "<group>";
		};
		52CC48DA2B320ABC002071EB /* gameAttackTests */ = {
			isa = PBXGroup;
			children = (
				52CC48DB2B320ABC002071EB /* gameAttackTests.swift */,
			);
			path = gameAttackTests;
			sourceTree = "<group>";
		};
		52CC48E42B320ABC002071EB /* gameAttackUITests */ = {
			isa = PBXGroup;
			children = (
				52CC48E52B320ABC002071EB /* gameAttackUITests.swift */,
				52CC48E72B320ABC002071EB /* gameAttackUITestsLaunchTests.swift */,
			);
			path = gameAttackUITests;
			sourceTree = "<group>";
		};
/* End PBXGroup section */

/* Begin PBXNativeTarget section */
		52CC48C62B320ABB002071EB /* gameAttack */ = {
			isa = PBXNativeTarget;
			buildConfigurationList = 52CC48EB2B320ABC002071EB /* Build configuration list for PBXNativeTarget "gameAttack" */;
			buildPhases = (
				52CC48C32B320ABB002071EB /* Sources */,
				52CC48C42B320ABB002071EB /* Frameworks */,
				52CC48C52B320ABB002071EB /* Resources */,
			);
			buildRules = (
			);
			dependencies = (
			);
			name = gameAttack;
			packageProductDependencies = (
				52C162012B3B794B00BAE25D /* LoaderUI */,
				52C162042B3B7CA200BAE25D /* Pow */,
			);
			productName = gameAttack;
			productReference = 52CC48C72B320ABB002071EB /* gameAttack.app */;
			productType = "com.apple.product-type.application";
		};
		52CC48D62B320ABC002071EB /* gameAttackTests */ = {
			isa = PBXNativeTarget;
			buildConfigurationList = 52CC48EE2B320ABC002071EB /* Build configuration list for PBXNativeTarget "gameAttackTests" */;
			buildPhases = (
				52CC48D32B320ABC002071EB /* Sources */,
				52CC48D42B320ABC002071EB /* Frameworks */,
				52CC48D52B320ABC002071EB /* Resources */,
			);
			buildRules = (
			);
			dependencies = (
				52CC48D92B320ABC002071EB /* PBXTargetDependency */,
			);
			name = gameAttackTests;
			productName = gameAttackTests;
			productReference = 52CC48D72B320ABC002071EB /* gameAttackTests.xctest */;
			productType = "com.apple.product-type.bundle.unit-test";
		};
		52CC48E02B320ABC002071EB /* gameAttackUITests */ = {
			isa = PBXNativeTarget;
			buildConfigurationList = 52CC48F12B320ABC002071EB /* Build configuration list for PBXNativeTarget "gameAttackUITests" */;
			buildPhases = (
				52CC48DD2B320ABC002071EB /* Sources */,
				52CC48DE2B320ABC002071EB /* Frameworks */,
				52CC48DF2B320ABC002071EB /* Resources */,
			);
			buildRules = (
			);
			dependencies = (
				52CC48E32B320ABC002071EB /* PBXTargetDependency */,
			);
			name = gameAttackUITests;
			productName = gameAttackUITests;
			productReference = 52CC48E12B320ABC002071EB /* gameAttackUITests.xctest */;
			productType = "com.apple.product-type.bundle.ui-testing";
		};
/* End PBXNativeTarget section */

/* Begin PBXProject section */
		52CC48BF2B320ABB002071EB /* Project object */ = {
			isa = PBXProject;
			attributes = {
				BuildIndependentTargetsInParallel = 1;
				LastSwiftUpdateCheck = 1500;
				LastUpgradeCheck = 1500;
				TargetAttributes = {
					52CC48C62B320ABB002071EB = {
						CreatedOnToolsVersion = 15.0.1;
					};
					52CC48D62B320ABC002071EB = {
						CreatedOnToolsVersion = 15.0.1;
						TestTargetID = 52CC48C62B320ABB002071EB;
					};
					52CC48E02B320ABC002071EB = {
						CreatedOnToolsVersion = 15.0.1;
						TestTargetID = 52CC48C62B320ABB002071EB;
					};
				};
			};
			buildConfigurationList = 52CC48C22B320ABB002071EB /* Build configuration list for PBXProject "gameAttack" */;
			compatibilityVersion = "Xcode 14.0";
			developmentRegion = en;
			hasScannedForEncodings = 0;
			knownRegions = (
				en,
				Base,
			);
			mainGroup = 52CC48BE2B320ABB002071EB;
			packageReferences = (
				52C161FF2B3B78BB00BAE25D /* XCRemoteSwiftPackageReference "NVActivityIndicatorView" */,
				52C162002B3B794B00BAE25D /* XCRemoteSwiftPackageReference "LoaderUI" */,
				52C162032B3B7CA200BAE25D /* XCRemoteSwiftPackageReference "Pow" */,
			);
			productRefGroup = 52CC48C82B320ABB002071EB /* Products */;
			projectDirPath = "";
			projectRoot = "";
			targets = (
				52CC48C62B320ABB002071EB /* gameAttack */,
				52CC48D62B320ABC002071EB /* gameAttackTests */,
				52CC48E02B320ABC002071EB /* gameAttackUITests */,
			);
		};
/* End PBXProject section */

/* Begin PBXResourcesBuildPhase section */
		52CC48C52B320ABB002071EB /* Resources */ = {
			isa = PBXResourcesBuildPhase;
			buildActionMask = 2147483647;
			files = (
				52CC48D22B320ABC002071EB /* Preview Assets.xcassets in Resources */,
				52CC48CF2B320ABC002071EB /* Assets.xcassets in Resources */,
			);
			runOnlyForDeploymentPostprocessing = 0;
		};
		52CC48D52B320ABC002071EB /* Resources */ = {
			isa = PBXResourcesBuildPhase;
			buildActionMask = 2147483647;
			files = (
			);
			runOnlyForDeploymentPostprocessing = 0;
		};
		52CC48DF2B320ABC002071EB /* Resources */ = {
			isa = PBXResourcesBuildPhase;
			buildActionMask = 2147483647;
			files = (
			);
			runOnlyForDeploymentPostprocessing = 0;
		};
/* End PBXResourcesBuildPhase section */

/* Begin PBXSourcesBuildPhase section */
		52CC48C32B320ABB002071EB /* Sources */ = {
			isa = PBXSourcesBuildPhase;
			buildActionMask = 2147483647;
			files = (
				523C60192B320B850018D27D /* gamesDataFetcher.swift in Sources */,
				52C161FE2B3B746A00BAE25D /* WebView.swift in Sources */,
				52C161FA2B3B595500BAE25D /* FavorView.swift in Sources */,
				52C161FC2B3B631500BAE25D /* favorRow.swift in Sources */,
				52CC48CD2B320ABB002071EB /* ContentView.swift in Sources */,
				522234AD2B320B0600482C58 /* GameView.swift in Sources */,
				522234AF2B320B3600482C58 /* gameRow.swift in Sources */,
				52CC48CB2B320ABB002071EB /* gameAttackApp.swift in Sources */,
			);
			runOnlyForDeploymentPostprocessing = 0;
		};
		52CC48D32B320ABC002071EB /* Sources */ = {
			isa = PBXSourcesBuildPhase;
			buildActionMask = 2147483647;
			files = (
				52CC48DC2B320ABC002071EB /* gameAttackTests.swift in Sources */,
			);
			runOnlyForDeploymentPostprocessing = 0;
		};
		52CC48DD2B320ABC002071EB /* Sources */ = {
			isa = PBXSourcesBuildPhase;
			buildActionMask = 2147483647;
			files = (
				52CC48E82B320ABC002071EB /* gameAttackUITestsLaunchTests.swift in Sources */,
				52CC48E62B320ABC002071EB /* gameAttackUITests.swift in Sources */,
			);
			runOnlyForDeploymentPostprocessing = 0;
		};
/* End PBXSourcesBuildPhase section */

/* Begin PBXTargetDependency section */
		52CC48D92B320ABC002071EB /* PBXTargetDependency */ = {
			isa = PBXTargetDependency;
			target = 52CC48C62B320ABB002071EB /* gameAttack */;
			targetProxy = 52CC48D82B320ABC002071EB /* PBXContainerItemProxy */;
		};
		52CC48E32B320ABC002071EB /* PBXTargetDependency */ = {
			isa = PBXTargetDependency;
			target = 52CC48C62B320ABB002071EB /* gameAttack */;
			targetProxy = 52CC48E22B320ABC002071EB /* PBXContainerItemProxy */;
		};
/* End PBXTargetDependency section */

/* Begin XCBuildConfiguration section */
		52CC48E92B320ABC002071EB /* Debug */ = {
			isa = XCBuildConfiguration;
			buildSettings = {
				ALWAYS_SEARCH_USER_PATHS = NO;
				ASSETCATALOG_COMPILER_GENERATE_SWIFT_ASSET_SYMBOL_EXTENSIONS = YES;
				CLANG_ANALYZER_NONNULL = YES;
				CLANG_ANALYZER_NUMBER_OBJECT_CONVERSION = YES_AGGRESSIVE;
				CLANG_CXX_LANGUAGE_STANDARD = "gnu++20";
				CLANG_ENABLE_MODULES = YES;
				CLANG_ENABLE_OBJC_ARC = YES;
				CLANG_ENABLE_OBJC_WEAK = YES;
				CLANG_WARN_BLOCK_CAPTURE_AUTORELEASING = YES;
				CLANG_WARN_BOOL_CONVERSION = YES;
				CLANG_WARN_COMMA = YES;
				CLANG_WARN_CONSTANT_CONVERSION = YES;
				CLANG_WARN_DEPRECATED_OBJC_IMPLEMENTATIONS = YES;
				CLANG_WARN_DIRECT_OBJC_ISA_USAGE = YES_ERROR;
				CLANG_WARN_DOCUMENTATION_COMMENTS = YES;
				CLANG_WARN_EMPTY_BODY = YES;
				CLANG_WARN_ENUM_CONVERSION = YES;
				CLANG_WARN_INFINITE_RECURSION = YES;
				CLANG_WARN_INT_CONVERSION = YES;
				CLANG_WARN_NON_LITERAL_NULL_CONVERSION = YES;
				CLANG_WARN_OBJC_IMPLICIT_RETAIN_SELF = YES;
				CLANG_WARN_OBJC_LITERAL_CONVERSION = YES;
				CLANG_WARN_OBJC_ROOT_CLASS = YES_ERROR;
				CLANG_WARN_QUOTED_INCLUDE_IN_FRAMEWORK_HEADER = YES;
				CLANG_WARN_RANGE_LOOP_ANALYSIS = YES;
				CLANG_WARN_STRICT_PROTOTYPES = YES;
				CLANG_WARN_SUSPICIOUS_MOVE = YES;
				CLANG_WARN_UNGUARDED_AVAILABILITY = YES_AGGRESSIVE;
				CLANG_WARN_UNREACHABLE_CODE = YES;
				CLANG_WARN__DUPLICATE_METHOD_MATCH = YES;
				COPY_PHASE_STRIP = NO;
				DEBUG_INFORMATION_FORMAT = dwarf;
				ENABLE_STRICT_OBJC_MSGSEND = YES;
				ENABLE_TESTABILITY = YES;
				ENABLE_USER_SCRIPT_SANDBOXING = YES;
				GCC_C_LANGUAGE_STANDARD = gnu17;
				GCC_DYNAMIC_NO_PIC = NO;
				GCC_NO_COMMON_BLOCKS = YES;
				GCC_OPTIMIZATION_LEVEL = 0;
				GCC_PREPROCESSOR_DEFINITIONS = (
					"DEBUG=1",
					"$(inherited)",
				);
				GCC_WARN_64_TO_32_BIT_CONVERSION = YES;
				GCC_WARN_ABOUT_RETURN_TYPE = YES_ERROR;
				GCC_WARN_UNDECLARED_SELECTOR = YES;
				GCC_WARN_UNINITIALIZED_AUTOS = YES_AGGRESSIVE;
				GCC_WARN_UNUSED_FUNCTION = YES;
				GCC_WARN_UNUSED_VARIABLE = YES;
				IPHONEOS_DEPLOYMENT_TARGET = 17.0;
				LOCALIZATION_PREFERS_STRING_CATALOGS = YES;
				MTL_ENABLE_DEBUG_INFO = INCLUDE_SOURCE;
				MTL_FAST_MATH = YES;
				ONLY_ACTIVE_ARCH = YES;
				SDKROOT = iphoneos;
				SWIFT_ACTIVE_COMPILATION_CONDITIONS = "DEBUG $(inherited)";
				SWIFT_OPTIMIZATION_LEVEL = "-Onone";
			};
			name = Debug;
		};
		52CC48EA2B320ABC002071EB /* Release */ = {
			isa = XCBuildConfiguration;
			buildSettings = {
				ALWAYS_SEARCH_USER_PATHS = NO;
				ASSETCATALOG_COMPILER_GENERATE_SWIFT_ASSET_SYMBOL_EXTENSIONS = YES;
				CLANG_ANALYZER_NONNULL = YES;
				CLANG_ANALYZER_NUMBER_OBJECT_CONVERSION = YES_AGGRESSIVE;
				CLANG_CXX_LANGUAGE_STANDARD = "gnu++20";
				CLANG_ENABLE_MODULES = YES;
				CLANG_ENABLE_OBJC_ARC = YES;
				CLANG_ENABLE_OBJC_WEAK = YES;
				CLANG_WARN_BLOCK_CAPTURE_AUTORELEASING = YES;
				CLANG_WARN_BOOL_CONVERSION = YES;
				CLANG_WARN_COMMA = YES;
				CLANG_WARN_CONSTANT_CONVERSION = YES;
				CLANG_WARN_DEPRECATED_OBJC_IMPLEMENTATIONS = YES;
				CLANG_WARN_DIRECT_OBJC_ISA_USAGE = YES_ERROR;
				CLANG_WARN_DOCUMENTATION_COMMENTS = YES;
				CLANG_WARN_EMPTY_BODY = YES;
				CLANG_WARN_ENUM_CONVERSION = YES;
				CLANG_WARN_INFINITE_RECURSION = YES;
				CLANG_WARN_INT_CONVERSION = YES;
				CLANG_WARN_NON_LITERAL_NULL_CONVERSION = YES;
				CLANG_WARN_OBJC_IMPLICIT_RETAIN_SELF = YES;
				CLANG_WARN_OBJC_LITERAL_CONVERSION = YES;
				CLANG_WARN_OBJC_ROOT_CLASS = YES_ERROR;
				CLANG_WARN_QUOTED_INCLUDE_IN_FRAMEWORK_HEADER = YES;
				CLANG_WARN_RANGE_LOOP_ANALYSIS = YES;
				CLANG_WARN_STRICT_PROTOTYPES = YES;
				CLANG_WARN_SUSPICIOUS_MOVE = YES;
				CLANG_WARN_UNGUARDED_AVAILABILITY = YES_AGGRESSIVE;
				CLANG_WARN_UNREACHABLE_CODE = YES;
				CLANG_WARN__DUPLICATE_METHOD_MATCH = YES;
				COPY_PHASE_STRIP = NO;
				DEBUG_INFORMATION_FORMAT = "dwarf-with-dsym";
				ENABLE_NS_ASSERTIONS = NO;
				ENABLE_STRICT_OBJC_MSGSEND = YES;
				ENABLE_USER_SCRIPT_SANDBOXING = YES;
				GCC_C_LANGUAGE_STANDARD = gnu17;
				GCC_NO_COMMON_BLOCKS = YES;
				GCC_WARN_64_TO_32_BIT_CONVERSION = YES;
				GCC_WARN_ABOUT_RETURN_TYPE = YES_ERROR;
				GCC_WARN_UNDECLARED_SELECTOR = YES;
				GCC_WARN_UNINITIALIZED_AUTOS = YES_AGGRESSIVE;
				GCC_WARN_UNUSED_FUNCTION = YES;
				GCC_WARN_UNUSED_VARIABLE = YES;
				IPHONEOS_DEPLOYMENT_TARGET = 17.0;
				LOCALIZATION_PREFERS_STRING_CATALOGS = YES;
				MTL_ENABLE_DEBUG_INFO = NO;
				MTL_FAST_MATH = YES;
				SDKROOT = iphoneos;
				SWIFT_COMPILATION_MODE = wholemodule;
				VALIDATE_PRODUCT = YES;
			};
			name = Release;
		};
		52CC48EC2B320ABC002071EB /* Debug */ = {
			isa = XCBuildConfiguration;
			buildSettings = {
				ASSETCATALOG_COMPILER_APPICON_NAME = AppIcon;
				ASSETCATALOG_COMPILER_GLOBAL_ACCENT_COLOR_NAME = AccentColor;
				CODE_SIGN_STYLE = Automatic;
				CURRENT_PROJECT_VERSION = 1;
				DEVELOPMENT_ASSET_PATHS = "\"gameAttack/Preview Content\"";
				ENABLE_PREVIEWS = YES;
				GENERATE_INFOPLIST_FILE = YES;
				INFOPLIST_KEY_UIApplicationSceneManifest_Generation = YES;
				INFOPLIST_KEY_UIApplicationSupportsIndirectInputEvents = YES;
				INFOPLIST_KEY_UILaunchScreen_Generation = YES;
				INFOPLIST_KEY_UISupportedInterfaceOrientations_iPad = "UIInterfaceOrientationPortrait UIInterfaceOrientationPortraitUpsideDown UIInterfaceOrientationLandscapeLeft UIInterfaceOrientationLandscapeRight";
				INFOPLIST_KEY_UISupportedInterfaceOrientations_iPhone = "UIInterfaceOrientationPortrait UIInterfaceOrientationLandscapeLeft UIInterfaceOrientationLandscapeRight";
				LD_RUNPATH_SEARCH_PATHS = (
					"$(inherited)",
					"@executable_path/Frameworks",
				);
				MARKETING_VERSION = 1.0;
				PRODUCT_BUNDLE_IDENTIFIER = space.gameAttack;
				PRODUCT_NAME = "$(TARGET_NAME)";
				SWIFT_EMIT_LOC_STRINGS = YES;
				SWIFT_VERSION = 5.0;
				TARGETED_DEVICE_FAMILY = "1,2";
			};
			name = Debug;
		};
		52CC48ED2B320ABC002071EB /* Release */ = {
			isa = XCBuildConfiguration;
			buildSettings = {
				ASSETCATALOG_COMPILER_APPICON_NAME = AppIcon;
				ASSETCATALOG_COMPILER_GLOBAL_ACCENT_COLOR_NAME = AccentColor;
				CODE_SIGN_STYLE = Automatic;
				CURRENT_PROJECT_VERSION = 1;
				DEVELOPMENT_ASSET_PATHS = "\"gameAttack/Preview Content\"";
				ENABLE_PREVIEWS = YES;
				GENERATE_INFOPLIST_FILE = YES;
				INFOPLIST_KEY_UIApplicationSceneManifest_Generation = YES;
				INFOPLIST_KEY_UIApplicationSupportsIndirectInputEvents = YES;
				INFOPLIST_KEY_UILaunchScreen_Generation = YES;
				INFOPLIST_KEY_UISupportedInterfaceOrientations_iPad = "UIInterfaceOrientationPortrait UIInterfaceOrientationPortraitUpsideDown UIInterfaceOrientationLandscapeLeft UIInterfaceOrientationLandscapeRight";
				INFOPLIST_KEY_UISupportedInterfaceOrientations_iPhone = "UIInterfaceOrientationPortrait UIInterfaceOrientationLandscapeLeft UIInterfaceOrientationLandscapeRight";
				LD_RUNPATH_SEARCH_PATHS = (
					"$(inherited)",
					"@executable_path/Frameworks",
				);
				MARKETING_VERSION = 1.0;
				PRODUCT_BUNDLE_IDENTIFIER = space.gameAttack;
				PRODUCT_NAME = "$(TARGET_NAME)";
				SWIFT_EMIT_LOC_STRINGS = YES;
				SWIFT_VERSION = 5.0;
				TARGETED_DEVICE_FAMILY = "1,2";
			};
			name = Release;
		};
		52CC48EF2B320ABC002071EB /* Debug */ = {
			isa = XCBuildConfiguration;
			buildSettings = {
				ALWAYS_EMBED_SWIFT_STANDARD_LIBRARIES = YES;
				BUNDLE_LOADER = "$(TEST_HOST)";
				CODE_SIGN_STYLE = Automatic;
				CURRENT_PROJECT_VERSION = 1;
				GENERATE_INFOPLIST_FILE = YES;
				IPHONEOS_DEPLOYMENT_TARGET = 17.0;
				MARKETING_VERSION = 1.0;
				PRODUCT_BUNDLE_IDENTIFIER = space.gameAttackTests;
				PRODUCT_NAME = "$(TARGET_NAME)";
				SWIFT_EMIT_LOC_STRINGS = NO;
				SWIFT_VERSION = 5.0;
				TARGETED_DEVICE_FAMILY = "1,2";
				TEST_HOST = "$(BUILT_PRODUCTS_DIR)/gameAttack.app/$(BUNDLE_EXECUTABLE_FOLDER_PATH)/gameAttack";
			};
			name = Debug;
		};
		52CC48F02B320ABC002071EB /* Release */ = {
			isa = XCBuildConfiguration;
			buildSettings = {
				ALWAYS_EMBED_SWIFT_STANDARD_LIBRARIES = YES;
				BUNDLE_LOADER = "$(TEST_HOST)";
				CODE_SIGN_STYLE = Automatic;
				CURRENT_PROJECT_VERSION = 1;
				GENERATE_INFOPLIST_FILE = YES;
				IPHONEOS_DEPLOYMENT_TARGET = 17.0;
				MARKETING_VERSION = 1.0;
				PRODUCT_BUNDLE_IDENTIFIER = space.gameAttackTests;
				PRODUCT_NAME = "$(TARGET_NAME)";
				SWIFT_EMIT_LOC_STRINGS = NO;
				SWIFT_VERSION = 5.0;
				TARGETED_DEVICE_FAMILY = "1,2";
				TEST_HOST = "$(BUILT_PRODUCTS_DIR)/gameAttack.app/$(BUNDLE_EXECUTABLE_FOLDER_PATH)/gameAttack";
			};
			name = Release;
		};
		52CC48F22B320ABC002071EB /* Debug */ = {
			isa = XCBuildConfiguration;
			buildSettings = {
				ALWAYS_EMBED_SWIFT_STANDARD_LIBRARIES = YES;
				CODE_SIGN_STYLE = Automatic;
				CURRENT_PROJECT_VERSION = 1;
				GENERATE_INFOPLIST_FILE = YES;
				MARKETING_VERSION = 1.0;
				PRODUCT_BUNDLE_IDENTIFIER = space.gameAttackUITests;
				PRODUCT_NAME = "$(TARGET_NAME)";
				SWIFT_EMIT_LOC_STRINGS = NO;
				SWIFT_VERSION = 5.0;
				TARGETED_DEVICE_FAMILY = "1,2";
				TEST_TARGET_NAME = gameAttack;
			};
			name = Debug;
		};
		52CC48F32B320ABC002071EB /* Release */ = {
			isa = XCBuildConfiguration;
			buildSettings = {
				ALWAYS_EMBED_SWIFT_STANDARD_LIBRARIES = YES;
				CODE_SIGN_STYLE = Automatic;
				CURRENT_PROJECT_VERSION = 1;
				GENERATE_INFOPLIST_FILE = YES;
				MARKETING_VERSION = 1.0;
				PRODUCT_BUNDLE_IDENTIFIER = space.gameAttackUITests;
				PRODUCT_NAME = "$(TARGET_NAME)";
				SWIFT_EMIT_LOC_STRINGS = NO;
				SWIFT_VERSION = 5.0;
				TARGETED_DEVICE_FAMILY = "1,2";
				TEST_TARGET_NAME = gameAttack;
			};
			name = Release;
		};
/* End XCBuildConfiguration section */

/* Begin XCConfigurationList section */
		52CC48C22B320ABB002071EB /* Build configuration list for PBXProject "gameAttack" */ = {
			isa = XCConfigurationList;
			buildConfigurations = (
				52CC48E92B320ABC002071EB /* Debug */,
				52CC48EA2B320ABC002071EB /* Release */,
			);
			defaultConfigurationIsVisible = 0;
			defaultConfigurationName = Release;
		};
		52CC48EB2B320ABC002071EB /* Build configuration list for PBXNativeTarget "gameAttack" */ = {
			isa = XCConfigurationList;
			buildConfigurations = (
				52CC48EC2B320ABC002071EB /* Debug */,
				52CC48ED2B320ABC002071EB /* Release */,
			);
			defaultConfigurationIsVisible = 0;
			defaultConfigurationName = Release;
		};
		52CC48EE2B320ABC002071EB /* Build configuration list for PBXNativeTarget "gameAttackTests" */ = {
			isa = XCConfigurationList;
			buildConfigurations = (
				52CC48EF2B320ABC002071EB /* Debug */,
				52CC48F02B320ABC002071EB /* Release */,
			);
			defaultConfigurationIsVisible = 0;
			defaultConfigurationName = Release;
		};
		52CC48F12B320ABC002071EB /* Build configuration list for PBXNativeTarget "gameAttackUITests" */ = {
			isa = XCConfigurationList;
			buildConfigurations = (
				52CC48F22B320ABC002071EB /* Debug */,
				52CC48F32B320ABC002071EB /* Release */,
			);
			defaultConfigurationIsVisible = 0;
			defaultConfigurationName = Release;
		};
/* End XCConfigurationList section */

/* Begin XCRemoteSwiftPackageReference section */
		52C161FF2B3B78BB00BAE25D /* XCRemoteSwiftPackageReference "NVActivityIndicatorView" */ = {
			isa = XCRemoteSwiftPackageReference;
			repositoryURL = "https://github.com/ninjaprox/NVActivityIndicatorView";
			requirement = {
				kind = upToNextMajorVersion;
				minimumVersion = 5.1.1;
			};
		};
		52C162002B3B794B00BAE25D /* XCRemoteSwiftPackageReference "LoaderUI" */ = {
			isa = XCRemoteSwiftPackageReference;
			repositoryURL = "https://github.com/ninjaprox/LoaderUI";
			requirement = {
				kind = upToNextMajorVersion;
				minimumVersion = 0.1.0;
			};
		};
		52C162032B3B7CA200BAE25D /* XCRemoteSwiftPackageReference "Pow" */ = {
			isa = XCRemoteSwiftPackageReference;
			repositoryURL = "https://github.com/EmergeTools/Pow";
			requirement = {
				kind = upToNextMajorVersion;
				minimumVersion = 1.0.3;
			};
		};
/* End XCRemoteSwiftPackageReference section */

/* Begin XCSwiftPackageProductDependency section */
		52C162012B3B794B00BAE25D /* LoaderUI */ = {
			isa = XCSwiftPackageProductDependency;
			package = 52C162002B3B794B00BAE25D /* XCRemoteSwiftPackageReference "LoaderUI" */;
			productName = LoaderUI;
		};
		52C162042B3B7CA200BAE25D /* Pow */ = {
			isa = XCSwiftPackageProductDependency;
			package = 52C162032B3B7CA200BAE25D /* XCRemoteSwiftPackageReference "Pow" */;
			productName = Pow;
		};
/* End XCSwiftPackageProductDependency section */
	};
	rootObject = 52CC48BF2B320ABB002071EB /* Project object */;
}
